
Microsoft Visual Studio Solution File, Format Version 12.00
# Visual Studio 14
VisualStudioVersion = 14.0.25420.1
MinimumVisualStudioVersion = 10.0.40219.1
Project("{FAE04EC0-301F-11D3-BF4B-00C04F79EFBC}") = "ListXML", "ListXML\ListXML.csproj", "{F612EB91-B67C-4303-8FEB-CD7F1A84A9EF}"
EndProject
Project("{FAE04EC0-301F-11D3-BF4B-00C04F79EFBC}") = "ListXML.Tests", "ListXML.Tests\ListXML.Tests.csproj", "{042ED460-3AFA-47AA-9854-396400FC8166}"
EndProject
Global
	GlobalSection(SolutionConfigurationPlatforms) = preSolution
		Debug|Any CPU = Debug|Any CPU
		Release|Any CPU = Release|Any CPU
	EndGlobalSection
	GlobalSection(ProjectConfigurationPlatforms) = postSolution
		{F612EB91-B67C-4303-8FEB-CD7F1A84A9EF}.Debug|Any CPU.ActiveCfg = Debug|Any CPU
		{F612EB91-B67C-4303-8FEB-CD7F1A84A9EF}.Debug|Any CPU.Build.0 = Debug|Any CPU
		{F612EB91-B67C-4303-8FEB-CD7F1A84A9EF}.Release|Any CPU.ActiveCfg = Release|Any CPU
		{F612EB91-B67C-4303-8FEB-CD7F1A84A9EF}.Release|Any CPU.Build.0 = Release|Any CPU
		{042ED460-3AFA-47AA-9854-396400FC8166}.Debug|Any CPU.ActiveCfg = Debug|Any CPU
		{042ED460-3AFA-47AA-9854-396400FC8166}.Debug|Any CPU.Build.0 = Debug|Any CPU
		{042ED460-3AFA-47AA-9854-396400FC8166}.Release|Any CPU.ActiveCfg = Release|Any CPU
		{042ED460-3AFA-47AA-9854-396400FC8166}.Release|Any CPU.Build.0 = Release|Any CPU
	EndGlobalSection
	GlobalSection(SolutionProperties) = preSolution
		HideSolutionNode = FALSE
	EndGlobalSection
EndGlobal
